
Microsoft Visual Studio Solution File, Format Version 12.00
# Visual Studio 15
VisualStudioVersion = 15.0.27130.2010
MinimumVisualStudioVersion = 10.0.40219.1
Project("{F184B08F-C81C-45F6-A57F-5ABD9991F28F}") = "BMath", "BMath\BMath.vbproj", "{03C4F855-E43D-4891-AFE0-CF1B151F8BE7}"
EndProject
Project("{F184B08F-C81C-45F6-A57F-5ABD9991F28F}") = "BMathInterpreter", "BMathInterpreter\BMathInterpreter.vbproj", "{065D2F70-4CB5-43F3-9C09-789307395348}"
EndProject
Global
	GlobalSection(SolutionConfigurationPlatforms) = preSolution
		Debug|Any CPU = Debug|Any CPU
		Release|Any CPU = Release|Any CPU
	EndGlobalSection
	GlobalSection(ProjectConfigurationPlatforms) = postSolution
		{03C4F855-E43D-4891-AFE0-CF1B151F8BE7}.Debug|Any CPU.ActiveCfg = Debug|Any CPU
		{03C4F855-E43D-4891-AFE0-CF1B151F8BE7}.Debug|Any CPU.Build.0 = Debug|Any CPU
		{03C4F855-E43D-4891-AFE0-CF1B151F8BE7}.Release|Any CPU.ActiveCfg = Release|Any CPU
		{03C4F855-E43D-4891-AFE0-CF1B151F8BE7}.Release|Any CPU.Build.0 = Release|Any CPU
		{065D2F70-4CB5-43F3-9C09-789307395348}.Debug|Any CPU.ActiveCfg = Debug|Any CPU
		{065D2F70-4CB5-43F3-9C09-789307395348}.Debug|Any CPU.Build.0 = Debug|Any CPU
		{065D2F70-4CB5-43F3-9C09-789307395348}.Release|Any CPU.ActiveCfg = Release|Any CPU
		{065D2F70-4CB5-43F3-9C09-789307395348}.Release|Any CPU.Build.0 = Release|Any CPU
	EndGlobalSection
	GlobalSection(SolutionProperties) = preSolution
		HideSolutionNode = FALSE
	EndGlobalSection
	GlobalSection(ExtensibilityGlobals) = postSolution
		SolutionGuid = {3053D582-BEC5-41FF-9BF3-F8E2B1F8A061}
	EndGlobalSection
EndGlobal
